
Microsoft Visual Studio Solution File, Format Version 12.00
# Visual Studio Version 16
VisualStudioVersion = 16.0.31729.503
MinimumVisualStudioVersion = 10.0.40219.1
Project("{FAE04EC0-301F-11D3-BF4B-00C04F79EFBC}") = "ensyuu4", "ensyuu4\ensyuu4.csproj", "{0D66C0F9-7FC7-48C6-ABF6-CA34877A4D53}"
EndProject
Global
	GlobalSection(SolutionConfigurationPlatforms) = preSolution
		Debug|Any CPU = Debug|Any CPU
		Release|Any CPU = Release|Any CPU
	EndGlobalSection
	GlobalSection(ProjectConfigurationPlatforms) = postSolution
		{0D66C0F9-7FC7-48C6-ABF6-CA34877A4D53}.Debug|Any CPU.ActiveCfg = Debug|Any CPU
		{0D66C0F9-7FC7-48C6-ABF6-CA34877A4D53}.Debug|Any CPU.Build.0 = Debug|Any CPU
		{0D66C0F9-7FC7-48C6-ABF6-CA34877A4D53}.Release|Any CPU.ActiveCfg = Release|Any CPU
		{0D66C0F9-7FC7-48C6-ABF6-CA34877A4D53}.Release|Any CPU.Build.0 = Release|Any CPU
	EndGlobalSection
	GlobalSection(SolutionProperties) = preSolution
		HideSolutionNode = FALSE
	EndGlobalSection
	GlobalSection(ExtensibilityGlobals) = postSolution
		SolutionGuid = {BDF5E73A-31AA-4F6C-B5C6-8E84D924713A}
	EndGlobalSection
EndGlobal
